
Microsoft Visual Studio Solution File, Format Version 12.00
# Visual Studio Version 17
Project("{2150E333-8FDC-42A3-9474-1A3956D46DE8}") = "CMakePredefinedTargets", "CMakePredefinedTargets", "{881620F7-64A1-3F13-AB6D-AD7C3B3CF778}"
EndProject
Project("{8BC9CEB8-8B4A-11D0-8D11-00A0C91BC942}") = "ALL_BUILD", "ALL_BUILD.vcxproj", "{28DF16E5-52D9-3AC4-A274-D85C4366D140}"
	ProjectSection(ProjectDependencies) = postProject
		{E956DF3C-A59E-3350-96EA-358FFC66886F} = {E956DF3C-A59E-3350-96EA-358FFC66886F}
		{EDB4F397-AD40-3801-819D-0DC4BC68A7BC} = {EDB4F397-AD40-3801-819D-0DC4BC68A7BC}
		{568C69DB-701F-3617-9F9D-CDEE97580DC7} = {568C69DB-701F-3617-9F9D-CDEE97580DC7}
		{63A8A230-CCC7-3961-8684-A4C058B4CF0C} = {63A8A230-CCC7-3961-8684-A4C058B4CF0C}
	EndProjectSection
EndProject
Project("{8BC9CEB8-8B4A-11D0-8D11-00A0C91BC942}") = "INSTALL", "INSTALL.vcxproj", "{D75B64B8-6D5F-3614-8F29-8F5979F4C084}"
	ProjectSection(ProjectDependencies) = postProject
		{28DF16E5-52D9-3AC4-A274-D85C4366D140} = {28DF16E5-52D9-3AC4-A274-D85C4366D140}
		{63A8A230-CCC7-3961-8684-A4C058B4CF0C} = {63A8A230-CCC7-3961-8684-A4C058B4CF0C}
	EndProjectSection
EndProject
Project("{8BC9CEB8-8B4A-11D0-8D11-00A0C91BC942}") = "PhreeqcRM", "..\\PhreeqcRM.vcxproj", "{FEB2D542-7789-3E02-847C-F241F48BF2E2}"
	ProjectSection(ProjectDependencies) = postProject
		{63A8A230-CCC7-3961-8684-A4C058B4CF0C} = {63A8A230-CCC7-3961-8684-A4C058B4CF0C}
	EndProjectSection
EndProject
Project("{8BC9CEB8-8B4A-11D0-8D11-00A0C91BC942}") = "RUN_TESTS", "RUN_TESTS.vcxproj", "{B067808C-E7A2-342A-ADBA-0513ACB4302E}"
	ProjectSection(ProjectDependencies) = postProject
		{63A8A230-CCC7-3961-8684-A4C058B4CF0C} = {63A8A230-CCC7-3961-8684-A4C058B4CF0C}
	EndProjectSection
EndProject
Project("{8BC9CEB8-8B4A-11D0-8D11-00A0C91BC942}") = "TestBMIdtor", "TestBMIdtor.vcxproj", "{E956DF3C-A59E-3350-96EA-358FFC66886F}"
	ProjectSection(ProjectDependencies) = postProject
		{FEB2D542-7789-3E02-847C-F241F48BF2E2} = {FEB2D542-7789-3E02-847C-F241F48BF2E2}
		{63A8A230-CCC7-3961-8684-A4C058B4CF0C} = {63A8A230-CCC7-3961-8684-A4C058B4CF0C}
	EndProjectSection
EndProject
Project("{8BC9CEB8-8B4A-11D0-8D11-00A0C91BC942}") = "TestRM", "TestRM.vcxproj", "{EDB4F397-AD40-3801-819D-0DC4BC68A7BC}"
	ProjectSection(ProjectDependencies) = postProject
		{FEB2D542-7789-3E02-847C-F241F48BF2E2} = {FEB2D542-7789-3E02-847C-F241F48BF2E2}
		{63A8A230-CCC7-3961-8684-A4C058B4CF0C} = {63A8A230-CCC7-3961-8684-A4C058B4CF0C}
	EndProjectSection
EndProject
Project("{8BC9CEB8-8B4A-11D0-8D11-00A0C91BC942}") = "TestRMdtor", "TestRMdtor.vcxproj", "{568C69DB-701F-3617-9F9D-CDEE97580DC7}"
	ProjectSection(ProjectDependencies) = postProject
		{FEB2D542-7789-3E02-847C-F241F48BF2E2} = {FEB2D542-7789-3E02-847C-F241F48BF2E2}
		{63A8A230-CCC7-3961-8684-A4C058B4CF0C} = {63A8A230-CCC7-3961-8684-A4C058B4CF0C}
	EndProjectSection
EndProject
Project("{8BC9CEB8-8B4A-11D0-8D11-00A0C91BC942}") = "ZERO_CHECK", "..\\ZERO_CHECK.vcxproj", "{63A8A230-CCC7-3961-8684-A4C058B4CF0C}"
	ProjectSection(ProjectDependencies) = postProject
	EndProjectSection
EndProject
Global
	GlobalSection(SolutionConfigurationPlatforms) = preSolution
		Debug|x64 = Debug|x64
		Release|x64 = Release|x64
		MinSizeRel|x64 = MinSizeRel|x64
		RelWithDebInfo|x64 = RelWithDebInfo|x64
	EndGlobalSection
	GlobalSection(ProjectConfigurationPlatforms) = postSolution
		{28DF16E5-52D9-3AC4-A274-D85C4366D140}.Debug|x64.ActiveCfg = Debug|x64
		{28DF16E5-52D9-3AC4-A274-D85C4366D140}.Debug|x64.Build.0 = Debug|x64
		{28DF16E5-52D9-3AC4-A274-D85C4366D140}.Release|x64.ActiveCfg = Release|x64
		{28DF16E5-52D9-3AC4-A274-D85C4366D140}.Release|x64.Build.0 = Release|x64
		{28DF16E5-52D9-3AC4-A274-D85C4366D140}.MinSizeRel|x64.ActiveCfg = MinSizeRel|x64
		{28DF16E5-52D9-3AC4-A274-D85C4366D140}.MinSizeRel|x64.Build.0 = MinSizeRel|x64
		{28DF16E5-52D9-3AC4-A274-D85C4366D140}.RelWithDebInfo|x64.ActiveCfg = RelWithDebInfo|x64
		{28DF16E5-52D9-3AC4-A274-D85C4366D140}.RelWithDebInfo|x64.Build.0 = RelWithDebInfo|x64
		{D75B64B8-6D5F-3614-8F29-8F5979F4C084}.Debug|x64.ActiveCfg = Debug|x64
		{D75B64B8-6D5F-3614-8F29-8F5979F4C084}.Release|x64.ActiveCfg = Release|x64
		{D75B64B8-6D5F-3614-8F29-8F5979F4C084}.MinSizeRel|x64.ActiveCfg = MinSizeRel|x64
		{D75B64B8-6D5F-3614-8F29-8F5979F4C084}.RelWithDebInfo|x64.ActiveCfg = RelWithDebInfo|x64
		{FEB2D542-7789-3E02-847C-F241F48BF2E2}.Debug|x64.ActiveCfg = Debug|x64
		{FEB2D542-7789-3E02-847C-F241F48BF2E2}.Debug|x64.Build.0 = Debug|x64
		{FEB2D542-7789-3E02-847C-F241F48BF2E2}.Release|x64.ActiveCfg = Release|x64
		{FEB2D542-7789-3E02-847C-F241F48BF2E2}.Release|x64.Build.0 = Release|x64
		{FEB2D542-7789-3E02-847C-F241F48BF2E2}.MinSizeRel|x64.ActiveCfg = MinSizeRel|x64
		{FEB2D542-7789-3E02-847C-F241F48BF2E2}.MinSizeRel|x64.Build.0 = MinSizeRel|x64
		{FEB2D542-7789-3E02-847C-F241F48BF2E2}.RelWithDebInfo|x64.ActiveCfg = RelWithDebInfo|x64
		{FEB2D542-7789-3E02-847C-F241F48BF2E2}.RelWithDebInfo|x64.Build.0 = RelWithDebInfo|x64
		{B067808C-E7A2-342A-ADBA-0513ACB4302E}.Debug|x64.ActiveCfg = Debug|x64
		{B067808C-E7A2-342A-ADBA-0513ACB4302E}.Release|x64.ActiveCfg = Release|x64
		{B067808C-E7A2-342A-ADBA-0513ACB4302E}.MinSizeRel|x64.ActiveCfg = MinSizeRel|x64
		{B067808C-E7A2-342A-ADBA-0513ACB4302E}.RelWithDebInfo|x64.ActiveCfg = RelWithDebInfo|x64
		{E956DF3C-A59E-3350-96EA-358FFC66886F}.Debug|x64.ActiveCfg = Debug|x64
		{E956DF3C-A59E-3350-96EA-358FFC66886F}.Debug|x64.Build.0 = Debug|x64
		{E956DF3C-A59E-3350-96EA-358FFC66886F}.Release|x64.ActiveCfg = Release|x64
		{E956DF3C-A59E-3350-96EA-358FFC66886F}.Release|x64.Build.0 = Release|x64
		{E956DF3C-A59E-3350-96EA-358FFC66886F}.MinSizeRel|x64.ActiveCfg = MinSizeRel|x64
		{E956DF3C-A59E-3350-96EA-358FFC66886F}.MinSizeRel|x64.Build.0 = MinSizeRel|x64
		{E956DF3C-A59E-3350-96EA-358FFC66886F}.RelWithDebInfo|x64.ActiveCfg = RelWithDebInfo|x64
		{E956DF3C-A59E-3350-96EA-358FFC66886F}.RelWithDebInfo|x64.Build.0 = RelWithDebInfo|x64
		{EDB4F397-AD40-3801-819D-0DC4BC68A7BC}.Debug|x64.ActiveCfg = Debug|x64
		{EDB4F397-AD40-3801-819D-0DC4BC68A7BC}.Debug|x64.Build.0 = Debug|x64
		{EDB4F397-AD40-3801-819D-0DC4BC68A7BC}.Release|x64.ActiveCfg = Release|x64
		{EDB4F397-AD40-3801-819D-0DC4BC68A7BC}.Release|x64.Build.0 = Release|x64
		{EDB4F397-AD40-3801-819D-0DC4BC68A7BC}.MinSizeRel|x64.ActiveCfg = MinSizeRel|x64
		{EDB4F397-AD40-3801-819D-0DC4BC68A7BC}.MinSizeRel|x64.Build.0 = MinSizeRel|x64
		{EDB4F397-AD40-3801-819D-0DC4BC68A7BC}.RelWithDebInfo|x64.ActiveCfg = RelWithDebInfo|x64
		{EDB4F397-AD40-3801-819D-0DC4BC68A7BC}.RelWithDebInfo|x64.Build.0 = RelWithDebInfo|x64
		{568C69DB-701F-3617-9F9D-CDEE97580DC7}.Debug|x64.ActiveCfg = Debug|x64
		{568C69DB-701F-3617-9F9D-CDEE97580DC7}.Debug|x64.Build.0 = Debug|x64
		{568C69DB-701F-3617-9F9D-CDEE97580DC7}.Release|x64.ActiveCfg = Release|x64
		{568C69DB-701F-3617-9F9D-CDEE97580DC7}.Release|x64.Build.0 = Release|x64
		{568C69DB-701F-3617-9F9D-CDEE97580DC7}.MinSizeRel|x64.ActiveCfg = MinSizeRel|x64
		{568C69DB-701F-3617-9F9D-CDEE97580DC7}.MinSizeRel|x64.Build.0 = MinSizeRel|x64
		{568C69DB-701F-3617-9F9D-CDEE97580DC7}.RelWithDebInfo|x64.ActiveCfg = RelWithDebInfo|x64
		{568C69DB-701F-3617-9F9D-CDEE97580DC7}.RelWithDebInfo|x64.Build.0 = RelWithDebInfo|x64
		{63A8A230-CCC7-3961-8684-A4C058B4CF0C}.Debug|x64.ActiveCfg = Debug|x64
		{63A8A230-CCC7-3961-8684-A4C058B4CF0C}.Debug|x64.Build.0 = Debug|x64
		{63A8A230-CCC7-3961-8684-A4C058B4CF0C}.Release|x64.ActiveCfg = Release|x64
		{63A8A230-CCC7-3961-8684-A4C058B4CF0C}.Release|x64.Build.0 = Release|x64
		{63A8A230-CCC7-3961-8684-A4C058B4CF0C}.MinSizeRel|x64.ActiveCfg = MinSizeRel|x64
		{63A8A230-CCC7-3961-8684-A4C058B4CF0C}.MinSizeRel|x64.Build.0 = MinSizeRel|x64
		{63A8A230-CCC7-3961-8684-A4C058B4CF0C}.RelWithDebInfo|x64.ActiveCfg = RelWithDebInfo|x64
		{63A8A230-CCC7-3961-8684-A4C058B4CF0C}.RelWithDebInfo|x64.Build.0 = RelWithDebInfo|x64
	EndGlobalSection
	GlobalSection(NestedProjects) = preSolution
		{28DF16E5-52D9-3AC4-A274-D85C4366D140} = {881620F7-64A1-3F13-AB6D-AD7C3B3CF778}
		{D75B64B8-6D5F-3614-8F29-8F5979F4C084} = {881620F7-64A1-3F13-AB6D-AD7C3B3CF778}
		{B067808C-E7A2-342A-ADBA-0513ACB4302E} = {881620F7-64A1-3F13-AB6D-AD7C3B3CF778}
		{63A8A230-CCC7-3961-8684-A4C058B4CF0C} = {881620F7-64A1-3F13-AB6D-AD7C3B3CF778}
	EndGlobalSection
	GlobalSection(ExtensibilityGlobals) = postSolution
		SolutionGuid = {7FA08526-A128-39B8-B025-A74FBDEC8CAC}
	EndGlobalSection
	GlobalSection(ExtensibilityAddIns) = postSolution
	EndGlobalSection
EndGlobal
